
Microsoft Visual Studio Solution File, Format Version 12.00
# Visual Studio Version 17
VisualStudioVersion = 17.8.34408.163
MinimumVisualStudioVersion = 10.0.40219.1
Project("{FAE04EC0-301F-11D3-BF4B-00C04F79EFBC}") = "modul10_1302223038", "modul10_1302223038\modul10_1302223038.csproj", "{9C6E6CD5-4061-483D-99B6-C250D5C5B40E}"
EndProject
Global
	GlobalSection(SolutionConfigurationPlatforms) = preSolution
		Debug|Any CPU = Debug|Any CPU
		Release|Any CPU = Release|Any CPU
	EndGlobalSection
	GlobalSection(ProjectConfigurationPlatforms) = postSolution
		{9C6E6CD5-4061-483D-99B6-C250D5C5B40E}.Debug|Any CPU.ActiveCfg = Debug|Any CPU
		{9C6E6CD5-4061-483D-99B6-C250D5C5B40E}.Debug|Any CPU.Build.0 = Debug|Any CPU
		{9C6E6CD5-4061-483D-99B6-C250D5C5B40E}.Release|Any CPU.ActiveCfg = Release|Any CPU
		{9C6E6CD5-4061-483D-99B6-C250D5C5B40E}.Release|Any CPU.Build.0 = Release|Any CPU
	EndGlobalSection
	GlobalSection(SolutionProperties) = preSolution
		HideSolutionNode = FALSE
	EndGlobalSection
	GlobalSection(ExtensibilityGlobals) = postSolution
		SolutionGuid = {F7A47151-2F1C-40CF-B5BD-C044B997DB36}
	EndGlobalSection
EndGlobal
